// !$*UTF8*$!
{
	archiveVersion = 1;
	classes = {
	};
	objectVersion = 46;
	objects = {

/* Begin PBXBuildFile section */
		136A7B716BB4AEE7686714B2 /* Pods_MovieAppUITests.framework in Frameworks */ = {isa = PBXBuildFile; fileRef = B409C6F1423FD2E31DAAE06C /* Pods_MovieAppUITests.framework */; };
		D51DD5ED375CB2C9FD9C4C12 /* Pods_MovieAppTests.framework in Frameworks */ = {isa = PBXBuildFile; fileRef = 76E8BC0BEA67765ED293FE92 /* Pods_MovieAppTests.framework */; };
		F80BD1351DD97538007D0C5F /* MovieDetailsViewController.swift in Sources */ = {isa = PBXBuildFile; fileRef = F80BD1341DD97538007D0C5F /* MovieDetailsViewController.swift */; };
		F80BD1371DD97548007D0C5F /* MovieDetailsViewModel.swift in Sources */ = {isa = PBXBuildFile; fileRef = F80BD1361DD97548007D0C5F /* MovieDetailsViewModel.swift */; };
		F83329E41DD315F10068EF73 /* CinemaAroundViewController.swift in Sources */ = {isa = PBXBuildFile; fileRef = F83329E31DD315F10068EF73 /* CinemaAroundViewController.swift */; };
		F83329E61DD315FE0068EF73 /* CinemaAroundViewModel.swift in Sources */ = {isa = PBXBuildFile; fileRef = F83329E51DD315FE0068EF73 /* CinemaAroundViewModel.swift */; };
		F83329E81DD31ABA0068EF73 /* Cinema.swift in Sources */ = {isa = PBXBuildFile; fileRef = F83329E71DD31ABA0068EF73 /* Cinema.swift */; };
		F83329EA1DD31FEC0068EF73 /* CinemaCell.swift in Sources */ = {isa = PBXBuildFile; fileRef = F83329E91DD31FEC0068EF73 /* CinemaCell.swift */; };
		F8373A541DDEACD500926E6D /* UIExtension.swift in Sources */ = {isa = PBXBuildFile; fileRef = F8373A531DDEACD500926E6D /* UIExtension.swift */; };
		F8373A581DDEDA6600926E6D /* CategoryCell.xib in Resources */ = {isa = PBXBuildFile; fileRef = F8373A571DDEDA6600926E6D /* CategoryCell.xib */; };
		F8373A5A1DDEDA7000926E6D /* CategoryCell.swift in Sources */ = {isa = PBXBuildFile; fileRef = F8373A591DDEDA7000926E6D /* CategoryCell.swift */; };
		F8373A5C1DDEDB6100926E6D /* TimeCell.xib in Resources */ = {isa = PBXBuildFile; fileRef = F8373A5B1DDEDB6100926E6D /* TimeCell.xib */; };
		F8373A5E1DDEDB6A00926E6D /* TimeCell.swift in Sources */ = {isa = PBXBuildFile; fileRef = F8373A5D1DDEDB6A00926E6D /* TimeCell.swift */; };
		F8373A601DDF0B0C00926E6D /* Schedule.swift in Sources */ = {isa = PBXBuildFile; fileRef = F8373A5F1DDF0B0C00926E6D /* Schedule.swift */; };
		F8373A621DDF0B6F00926E6D /* MovieSession.swift in Sources */ = {isa = PBXBuildFile; fileRef = F8373A611DDF0B6F00926E6D /* MovieSession.swift */; };
		F83789AF1DD1B1A700A28C4D /* MoviesListViewModel.swift in Sources */ = {isa = PBXBuildFile; fileRef = F83789AE1DD1B1A700A28C4D /* MoviesListViewModel.swift */; };
		F83789B51DD1E28400A28C4D /* NewsCell.swift in Sources */ = {isa = PBXBuildFile; fileRef = F83789B41DD1E28400A28C4D /* NewsCell.swift */; };
		F83789B71DD1E2EA00A28C4D /* NewsListViewModel.swift in Sources */ = {isa = PBXBuildFile; fileRef = F83789B61DD1E2EA00A28C4D /* NewsListViewModel.swift */; };
		F83789B91DD1E32100A28C4D /* NewsListViewController.swift in Sources */ = {isa = PBXBuildFile; fileRef = F83789B81DD1E32100A28C4D /* NewsListViewController.swift */; };
		F83789BB1DD1E3FA00A28C4D /* News.swift in Sources */ = {isa = PBXBuildFile; fileRef = F83789BA1DD1E3FA00A28C4D /* News.swift */; };
		F8470C1B1DDC462900ACC821 /* ThumbnailCell.xib in Resources */ = {isa = PBXBuildFile; fileRef = F8470C1A1DDC462900ACC821 /* ThumbnailCell.xib */; };
		F8470C1E1DDC470900ACC821 /* ThumbnailCell.swift in Sources */ = {isa = PBXBuildFile; fileRef = F8470C1D1DDC470900ACC821 /* ThumbnailCell.swift */; };
		F8470C201DDC512000ACC821 /* MovieTitleCell.xib in Resources */ = {isa = PBXBuildFile; fileRef = F8470C1F1DDC512000ACC821 /* MovieTitleCell.xib */; };
		F8470C221DDC512B00ACC821 /* MovieTitleCell.swift in Sources */ = {isa = PBXBuildFile; fileRef = F8470C211DDC512B00ACC821 /* MovieTitleCell.swift */; };
		F851F2531DDD4F4F002EC768 /* MovieSummaryCell.xib in Resources */ = {isa = PBXBuildFile; fileRef = F851F2521DDD4F4F002EC768 /* MovieSummaryCell.xib */; };
		F851F2551DDD4F61002EC768 /* MovieSummaryCell.swift in Sources */ = {isa = PBXBuildFile; fileRef = F851F2541DDD4F61002EC768 /* MovieSummaryCell.swift */; };
		F851F2571DDD6618002EC768 /* CalendarCell.xib in Resources */ = {isa = PBXBuildFile; fileRef = F851F2561DDD6618002EC768 /* CalendarCell.xib */; };
		F851F2591DDD662B002EC768 /* CalendarCell.swift in Sources */ = {isa = PBXBuildFile; fileRef = F851F2581DDD662B002EC768 /* CalendarCell.swift */; };
		F851F25B1DDD6C82002EC768 /* DayCell.swift in Sources */ = {isa = PBXBuildFile; fileRef = F851F25A1DDD6C82002EC768 /* DayCell.swift */; };
		F851F2611DDD72E3002EC768 /* DayCell.xib in Resources */ = {isa = PBXBuildFile; fileRef = F851F2601DDD72E3002EC768 /* DayCell.xib */; };
		F851F2661DDD849B002EC768 /* CinemaScheduleCell.xib in Resources */ = {isa = PBXBuildFile; fileRef = F851F2651DDD849B002EC768 /* CinemaScheduleCell.xib */; };
		F851F2681DDD84AB002EC768 /* CinemaScheduleCell.swift in Sources */ = {isa = PBXBuildFile; fileRef = F851F2671DDD84AB002EC768 /* CinemaScheduleCell.swift */; };
		F851F26A1DDD84F1002EC768 /* CinemaGroupCell.xib in Resources */ = {isa = PBXBuildFile; fileRef = F851F2691DDD84F1002EC768 /* CinemaGroupCell.xib */; };
		F851F26C1DDD8503002EC768 /* CinemaGroupCell.swift in Sources */ = {isa = PBXBuildFile; fileRef = F851F26B1DDD8503002EC768 /* CinemaGroupCell.swift */; };
		F86987901DD022B3007C08F5 /* AppDelegate.swift in Sources */ = {isa = PBXBuildFile; fileRef = F869878F1DD022B3007C08F5 /* AppDelegate.swift */; };
		F86987951DD022B3007C08F5 /* Main.storyboard in Resources */ = {isa = PBXBuildFile; fileRef = F86987931DD022B3007C08F5 /* Main.storyboard */; };
		F86987971DD022B3007C08F5 /* Assets.xcassets in Resources */ = {isa = PBXBuildFile; fileRef = F86987961DD022B3007C08F5 /* Assets.xcassets */; };
		F869879A1DD022B3007C08F5 /* LaunchScreen.storyboard in Resources */ = {isa = PBXBuildFile; fileRef = F86987981DD022B3007C08F5 /* LaunchScreen.storyboard */; };
		F86987A51DD022B3007C08F5 /* MovieAppTests.swift in Sources */ = {isa = PBXBuildFile; fileRef = F86987A41DD022B3007C08F5 /* MovieAppTests.swift */; };
		F86987B01DD022B3007C08F5 /* MovieAppUITests.swift in Sources */ = {isa = PBXBuildFile; fileRef = F86987AF1DD022B3007C08F5 /* MovieAppUITests.swift */; };
		F86B03721DE578A90037959B /* VideoControlView.xib in Resources */ = {isa = PBXBuildFile; fileRef = F86B03711DE578A90037959B /* VideoControlView.xib */; };
		F86B03741DE578B50037959B /* VideoControlView.swift in Sources */ = {isa = PBXBuildFile; fileRef = F86B03731DE578B50037959B /* VideoControlView.swift */; };
		F892BA901DD02D0800A1E522 /* CustomTabBarController.swift in Sources */ = {isa = PBXBuildFile; fileRef = F892BA8F1DD02D0800A1E522 /* CustomTabBarController.swift */; };
		F892BA921DD033CC00A1E522 /* MoviesListViewController.swift in Sources */ = {isa = PBXBuildFile; fileRef = F892BA911DD033CC00A1E522 /* MoviesListViewController.swift */; };
		F892BA951DD035DA00A1E522 /* MovieCell.swift in Sources */ = {isa = PBXBuildFile; fileRef = F892BA941DD035DA00A1E522 /* MovieCell.swift */; };
		F892BA981DD03FC100A1E522 /* Movie.swift in Sources */ = {isa = PBXBuildFile; fileRef = F892BA971DD03FC100A1E522 /* Movie.swift */; };
		F892BA9B1DD05D2200A1E522 /* SubViewModel.swift in Sources */ = {isa = PBXBuildFile; fileRef = F892BA9A1DD05D2200A1E522 /* SubViewModel.swift */; };
		F892BA9D1DD068D300A1E522 /* APIData.swift in Sources */ = {isa = PBXBuildFile; fileRef = F892BA9C1DD068D300A1E522 /* APIData.swift */; };
		F893F5E41DDB172000144721 /* MoreButton.swift in Sources */ = {isa = PBXBuildFile; fileRef = F893F5E31DDB172000144721 /* MoreButton.swift */; };
		F89CBD831DD9C73C00413DEC /* MovieDetails.swift in Sources */ = {isa = PBXBuildFile; fileRef = F89CBD821DD9C73C00413DEC /* MovieDetails.swift */; };
		F8A3385F1DE297A800452915 /* MovieSessionGroup.swift in Sources */ = {isa = PBXBuildFile; fileRef = F8A3385E1DE297A800452915 /* MovieSessionGroup.swift */; };
		F8A338611DE302D100452915 /* ScheduleCell.swift in Sources */ = {isa = PBXBuildFile; fileRef = F8A338601DE302D100452915 /* ScheduleCell.swift */; };
		F8A338631DE302DD00452915 /* ScheduleCell.xib in Resources */ = {isa = PBXBuildFile; fileRef = F8A338621DE302DD00452915 /* ScheduleCell.xib */; };
		F8EF59CC1DD42497007B8C3D /* CinemaMarker.swift in Sources */ = {isa = PBXBuildFile; fileRef = F8EF59CB1DD42497007B8C3D /* CinemaMarker.swift */; };
		F8EF59CE1DD429A6007B8C3D /* CinemaMarkerInfoView.xib in Resources */ = {isa = PBXBuildFile; fileRef = F8EF59CD1DD429A6007B8C3D /* CinemaMarkerInfoView.xib */; };
		F8EF59D01DD42CFD007B8C3D /* CinemaMarkerInfoView.swift in Sources */ = {isa = PBXBuildFile; fileRef = F8EF59CF1DD42CFD007B8C3D /* CinemaMarkerInfoView.swift */; };
		FBDC73566DD9F7BF576AC9D3 /* Pods_MovieApp.framework in Frameworks */ = {isa = PBXBuildFile; fileRef = 86CCCA7BAED63B6ABB610BC6 /* Pods_MovieApp.framework */; };
/* End PBXBuildFile section */

/* Begin PBXContainerItemProxy section */
		F86987A11DD022B3007C08F5 /* PBXContainerItemProxy */ = {
			isa = PBXContainerItemProxy;
			containerPortal = F86987841DD022B3007C08F5 /* Project object */;
			proxyType = 1;
			remoteGlobalIDString = F869878B1DD022B3007C08F5;
			remoteInfo = MovieApp;
		};
		F86987AC1DD022B3007C08F5 /* PBXContainerItemProxy */ = {
			isa = PBXContainerItemProxy;
			containerPortal = F86987841DD022B3007C08F5 /* Project object */;
			proxyType = 1;
			remoteGlobalIDString = F869878B1DD022B3007C08F5;
			remoteInfo = MovieApp;
		};
/* End PBXContainerItemProxy section */

/* Begin PBXFileReference section */
		2B3C556B7E38B15AACC81BE2 /* Pods-MovieApp.release.xcconfig */ = {isa = PBXFileReference; includeInIndex = 1; lastKnownFileType = text.xcconfig; name = "Pods-MovieApp.release.xcconfig"; path = "Pods/Target Support Files/Pods-MovieApp/Pods-MovieApp.release.xcconfig"; sourceTree = "<group>"; };
		4AA69B281E589204DE22A412 /* Pods-MovieApp.debug.xcconfig */ = {isa = PBXFileReference; includeInIndex = 1; lastKnownFileType = text.xcconfig; name = "Pods-MovieApp.debug.xcconfig"; path = "Pods/Target Support Files/Pods-MovieApp/Pods-MovieApp.debug.xcconfig"; sourceTree = "<group>"; };
		4C047EFEAC92532E5F1C71F0 /* Pods-MovieAppTests.debug.xcconfig */ = {isa = PBXFileReference; includeInIndex = 1; lastKnownFileType = text.xcconfig; name = "Pods-MovieAppTests.debug.xcconfig"; path = "Pods/Target Support Files/Pods-MovieAppTests/Pods-MovieAppTests.debug.xcconfig"; sourceTree = "<group>"; };
		76E8BC0BEA67765ED293FE92 /* Pods_MovieAppTests.framework */ = {isa = PBXFileReference; explicitFileType = wrapper.framework; includeInIndex = 0; path = Pods_MovieAppTests.framework; sourceTree = BUILT_PRODUCTS_DIR; };
		86CCCA7BAED63B6ABB610BC6 /* Pods_MovieApp.framework */ = {isa = PBXFileReference; explicitFileType = wrapper.framework; includeInIndex = 0; path = Pods_MovieApp.framework; sourceTree = BUILT_PRODUCTS_DIR; };
		988245126977F42375E14A76 /* Pods-MovieAppUITests.debug.xcconfig */ = {isa = PBXFileReference; includeInIndex = 1; lastKnownFileType = text.xcconfig; name = "Pods-MovieAppUITests.debug.xcconfig"; path = "Pods/Target Support Files/Pods-MovieAppUITests/Pods-MovieAppUITests.debug.xcconfig"; sourceTree = "<group>"; };
		B409C6F1423FD2E31DAAE06C /* Pods_MovieAppUITests.framework */ = {isa = PBXFileReference; explicitFileType = wrapper.framework; includeInIndex = 0; path = Pods_MovieAppUITests.framework; sourceTree = BUILT_PRODUCTS_DIR; };
		B9432C7A96DD955720B637BB /* Pods-MovieAppTests.release.xcconfig */ = {isa = PBXFileReference; includeInIndex = 1; lastKnownFileType = text.xcconfig; name = "Pods-MovieAppTests.release.xcconfig"; path = "Pods/Target Support Files/Pods-MovieAppTests/Pods-MovieAppTests.release.xcconfig"; sourceTree = "<group>"; };
		E3ABD191E049EDFC7EDB3A24 /* Pods-MovieAppUITests.release.xcconfig */ = {isa = PBXFileReference; includeInIndex = 1; lastKnownFileType = text.xcconfig; name = "Pods-MovieAppUITests.release.xcconfig"; path = "Pods/Target Support Files/Pods-MovieAppUITests/Pods-MovieAppUITests.release.xcconfig"; sourceTree = "<group>"; };
		F80BD1341DD97538007D0C5F /* MovieDetailsViewController.swift */ = {isa = PBXFileReference; fileEncoding = 4; lastKnownFileType = sourcecode.swift; path = MovieDetailsViewController.swift; sourceTree = "<group>"; };
		F80BD1361DD97548007D0C5F /* MovieDetailsViewModel.swift */ = {isa = PBXFileReference; fileEncoding = 4; lastKnownFileType = sourcecode.swift; path = MovieDetailsViewModel.swift; sourceTree = "<group>"; };
		F83329E31DD315F10068EF73 /* CinemaAroundViewController.swift */ = {isa = PBXFileReference; fileEncoding = 4; lastKnownFileType = sourcecode.swift; path = CinemaAroundViewController.swift; sourceTree = "<group>"; };
		F83329E51DD315FE0068EF73 /* CinemaAroundViewModel.swift */ = {isa = PBXFileReference; fileEncoding = 4; lastKnownFileType = sourcecode.swift; path = CinemaAroundViewModel.swift; sourceTree = "<group>"; };
		F83329E71DD31ABA0068EF73 /* Cinema.swift */ = {isa = PBXFileReference; fileEncoding = 4; lastKnownFileType = sourcecode.swift; path = Cinema.swift; sourceTree = "<group>"; };
		F83329E91DD31FEC0068EF73 /* CinemaCell.swift */ = {isa = PBXFileReference; fileEncoding = 4; lastKnownFileType = sourcecode.swift; path = CinemaCell.swift; sourceTree = "<group>"; };
		F8373A531DDEACD500926E6D /* UIExtension.swift */ = {isa = PBXFileReference; fileEncoding = 4; lastKnownFileType = sourcecode.swift; path = UIExtension.swift; sourceTree = "<group>"; };
		F8373A571DDEDA6600926E6D /* CategoryCell.xib */ = {isa = PBXFileReference; fileEncoding = 4; lastKnownFileType = file.xib; path = CategoryCell.xib; sourceTree = "<group>"; };
		F8373A591DDEDA7000926E6D /* CategoryCell.swift */ = {isa = PBXFileReference; fileEncoding = 4; lastKnownFileType = sourcecode.swift; path = CategoryCell.swift; sourceTree = "<group>"; };
		F8373A5B1DDEDB6100926E6D /* TimeCell.xib */ = {isa = PBXFileReference; fileEncoding = 4; lastKnownFileType = file.xib; path = TimeCell.xib; sourceTree = "<group>"; };
		F8373A5D1DDEDB6A00926E6D /* TimeCell.swift */ = {isa = PBXFileReference; fileEncoding = 4; lastKnownFileType = sourcecode.swift; path = TimeCell.swift; sourceTree = "<group>"; };
		F8373A5F1DDF0B0C00926E6D /* Schedule.swift */ = {isa = PBXFileReference; fileEncoding = 4; lastKnownFileType = sourcecode.swift; path = Schedule.swift; sourceTree = "<group>"; };
		F8373A611DDF0B6F00926E6D /* MovieSession.swift */ = {isa = PBXFileReference; fileEncoding = 4; lastKnownFileType = sourcecode.swift; path = MovieSession.swift; sourceTree = "<group>"; };
		F83789AD1DD180D000A28C4D /* MovieApp-Bridging-Header.h */ = {isa = PBXFileReference; lastKnownFileType = sourcecode.c.h; path = "MovieApp-Bridging-Header.h"; sourceTree = "<group>"; };
		F83789AE1DD1B1A700A28C4D /* MoviesListViewModel.swift */ = {isa = PBXFileReference; fileEncoding = 4; lastKnownFileType = sourcecode.swift; path = MoviesListViewModel.swift; sourceTree = "<group>"; };
		F83789B41DD1E28400A28C4D /* NewsCell.swift */ = {isa = PBXFileReference; fileEncoding = 4; lastKnownFileType = sourcecode.swift; path = NewsCell.swift; sourceTree = "<group>"; };
		F83789B61DD1E2EA00A28C4D /* NewsListViewModel.swift */ = {isa = PBXFileReference; fileEncoding = 4; lastKnownFileType = sourcecode.swift; path = NewsListViewModel.swift; sourceTree = "<group>"; };
		F83789B81DD1E32100A28C4D /* NewsListViewController.swift */ = {isa = PBXFileReference; fileEncoding = 4; lastKnownFileType = sourcecode.swift; path = NewsListViewController.swift; sourceTree = "<group>"; };
		F83789BA1DD1E3FA00A28C4D /* News.swift */ = {isa = PBXFileReference; fileEncoding = 4; lastKnownFileType = sourcecode.swift; path = News.swift; sourceTree = "<group>"; };
		F8470C1A1DDC462900ACC821 /* ThumbnailCell.xib */ = {isa = PBXFileReference; fileEncoding = 4; lastKnownFileType = file.xib; path = ThumbnailCell.xib; sourceTree = "<group>"; };
		F8470C1D1DDC470900ACC821 /* ThumbnailCell.swift */ = {isa = PBXFileReference; fileEncoding = 4; lastKnownFileType = sourcecode.swift; path = ThumbnailCell.swift; sourceTree = "<group>"; };
		F8470C1F1DDC512000ACC821 /* MovieTitleCell.xib */ = {isa = PBXFileReference; fileEncoding = 4; lastKnownFileType = file.xib; path = MovieTitleCell.xib; sourceTree = "<group>"; };
		F8470C211DDC512B00ACC821 /* MovieTitleCell.swift */ = {isa = PBXFileReference; fileEncoding = 4; lastKnownFileType = sourcecode.swift; path = MovieTitleCell.swift; sourceTree = "<group>"; };
		F851F2521DDD4F4F002EC768 /* MovieSummaryCell.xib */ = {isa = PBXFileReference; fileEncoding = 4; lastKnownFileType = file.xib; path = MovieSummaryCell.xib; sourceTree = "<group>"; };
		F851F2541DDD4F61002EC768 /* MovieSummaryCell.swift */ = {isa = PBXFileReference; fileEncoding = 4; lastKnownFileType = sourcecode.swift; path = MovieSummaryCell.swift; sourceTree = "<group>"; };
		F851F2561DDD6618002EC768 /* CalendarCell.xib */ = {isa = PBXFileReference; fileEncoding = 4; lastKnownFileType = file.xib; path = CalendarCell.xib; sourceTree = "<group>"; };
		F851F2581DDD662B002EC768 /* CalendarCell.swift */ = {isa = PBXFileReference; fileEncoding = 4; lastKnownFileType = sourcecode.swift; path = CalendarCell.swift; sourceTree = "<group>"; };
		F851F25A1DDD6C82002EC768 /* DayCell.swift */ = {isa = PBXFileReference; fileEncoding = 4; lastKnownFileType = sourcecode.swift; path = DayCell.swift; sourceTree = "<group>"; };
		F851F2601DDD72E3002EC768 /* DayCell.xib */ = {isa = PBXFileReference; fileEncoding = 4; lastKnownFileType = file.xib; path = DayCell.xib; sourceTree = "<group>"; };
		F851F2651DDD849B002EC768 /* CinemaScheduleCell.xib */ = {isa = PBXFileReference; fileEncoding = 4; lastKnownFileType = file.xib; path = CinemaScheduleCell.xib; sourceTree = "<group>"; };
		F851F2671DDD84AB002EC768 /* CinemaScheduleCell.swift */ = {isa = PBXFileReference; fileEncoding = 4; lastKnownFileType = sourcecode.swift; path = CinemaScheduleCell.swift; sourceTree = "<group>"; };
		F851F2691DDD84F1002EC768 /* CinemaGroupCell.xib */ = {isa = PBXFileReference; fileEncoding = 4; lastKnownFileType = file.xib; path = CinemaGroupCell.xib; sourceTree = "<group>"; };
		F851F26B1DDD8503002EC768 /* CinemaGroupCell.swift */ = {isa = PBXFileReference; fileEncoding = 4; lastKnownFileType = sourcecode.swift; path = CinemaGroupCell.swift; sourceTree = "<group>"; };
		F869878C1DD022B3007C08F5 /* MovieApp.app */ = {isa = PBXFileReference; explicitFileType = wrapper.application; includeInIndex = 0; path = MovieApp.app; sourceTree = BUILT_PRODUCTS_DIR; };
		F869878F1DD022B3007C08F5 /* AppDelegate.swift */ = {isa = PBXFileReference; lastKnownFileType = sourcecode.swift; path = AppDelegate.swift; sourceTree = "<group>"; };
		F86987941DD022B3007C08F5 /* Base */ = {isa = PBXFileReference; lastKnownFileType = file.storyboard; name = Base; path = Base.lproj/Main.storyboard; sourceTree = "<group>"; };
		F86987961DD022B3007C08F5 /* Assets.xcassets */ = {isa = PBXFileReference; lastKnownFileType = folder.assetcatalog; path = Assets.xcassets; sourceTree = "<group>"; };
		F86987991DD022B3007C08F5 /* Base */ = {isa = PBXFileReference; lastKnownFileType = file.storyboard; name = Base; path = Base.lproj/LaunchScreen.storyboard; sourceTree = "<group>"; };
		F869879B1DD022B3007C08F5 /* Info.plist */ = {isa = PBXFileReference; lastKnownFileType = text.plist.xml; path = Info.plist; sourceTree = "<group>"; };
		F86987A01DD022B3007C08F5 /* MovieAppTests.xctest */ = {isa = PBXFileReference; explicitFileType = wrapper.cfbundle; includeInIndex = 0; path = MovieAppTests.xctest; sourceTree = BUILT_PRODUCTS_DIR; };
		F86987A41DD022B3007C08F5 /* MovieAppTests.swift */ = {isa = PBXFileReference; lastKnownFileType = sourcecode.swift; path = MovieAppTests.swift; sourceTree = "<group>"; };
		F86987A61DD022B3007C08F5 /* Info.plist */ = {isa = PBXFileReference; lastKnownFileType = text.plist.xml; path = Info.plist; sourceTree = "<group>"; };
		F86987AB1DD022B3007C08F5 /* MovieAppUITests.xctest */ = {isa = PBXFileReference; explicitFileType = wrapper.cfbundle; includeInIndex = 0; path = MovieAppUITests.xctest; sourceTree = BUILT_PRODUCTS_DIR; };
		F86987AF1DD022B3007C08F5 /* MovieAppUITests.swift */ = {isa = PBXFileReference; lastKnownFileType = sourcecode.swift; path = MovieAppUITests.swift; sourceTree = "<group>"; };
		F86987B11DD022B4007C08F5 /* Info.plist */ = {isa = PBXFileReference; lastKnownFileType = text.plist.xml; path = Info.plist; sourceTree = "<group>"; };
		F86B03711DE578A90037959B /* VideoControlView.xib */ = {isa = PBXFileReference; fileEncoding = 4; lastKnownFileType = file.xib; path = VideoControlView.xib; sourceTree = "<group>"; };
		F86B03731DE578B50037959B /* VideoControlView.swift */ = {isa = PBXFileReference; fileEncoding = 4; lastKnownFileType = sourcecode.swift; path = VideoControlView.swift; sourceTree = "<group>"; };
		F892BA8F1DD02D0800A1E522 /* CustomTabBarController.swift */ = {isa = PBXFileReference; fileEncoding = 4; lastKnownFileType = sourcecode.swift; path = CustomTabBarController.swift; sourceTree = "<group>"; };
		F892BA911DD033CC00A1E522 /* MoviesListViewController.swift */ = {isa = PBXFileReference; fileEncoding = 4; lastKnownFileType = sourcecode.swift; path = MoviesListViewController.swift; sourceTree = "<group>"; };
		F892BA941DD035DA00A1E522 /* MovieCell.swift */ = {isa = PBXFileReference; fileEncoding = 4; lastKnownFileType = sourcecode.swift; path = MovieCell.swift; sourceTree = "<group>"; };
		F892BA971DD03FC100A1E522 /* Movie.swift */ = {isa = PBXFileReference; fileEncoding = 4; lastKnownFileType = sourcecode.swift; path = Movie.swift; sourceTree = "<group>"; };
		F892BA9A1DD05D2200A1E522 /* SubViewModel.swift */ = {isa = PBXFileReference; fileEncoding = 4; lastKnownFileType = sourcecode.swift; path = SubViewModel.swift; sourceTree = "<group>"; };
		F892BA9C1DD068D300A1E522 /* APIData.swift */ = {isa = PBXFileReference; fileEncoding = 4; lastKnownFileType = sourcecode.swift; path = APIData.swift; sourceTree = "<group>"; };
		F893F5E31DDB172000144721 /* MoreButton.swift */ = {isa = PBXFileReference; fileEncoding = 4; lastKnownFileType = sourcecode.swift; path = MoreButton.swift; sourceTree = "<group>"; };
		F89CBD821DD9C73C00413DEC /* MovieDetails.swift */ = {isa = PBXFileReference; fileEncoding = 4; lastKnownFileType = sourcecode.swift; path = MovieDetails.swift; sourceTree = "<group>"; };
		F8A3385E1DE297A800452915 /* MovieSessionGroup.swift */ = {isa = PBXFileReference; fileEncoding = 4; lastKnownFileType = sourcecode.swift; path = MovieSessionGroup.swift; sourceTree = "<group>"; };
		F8A338601DE302D100452915 /* ScheduleCell.swift */ = {isa = PBXFileReference; fileEncoding = 4; lastKnownFileType = sourcecode.swift; path = ScheduleCell.swift; sourceTree = "<group>"; };
		F8A338621DE302DD00452915 /* ScheduleCell.xib */ = {isa = PBXFileReference; fileEncoding = 4; lastKnownFileType = file.xib; path = ScheduleCell.xib; sourceTree = "<group>"; };
		F8EF59CB1DD42497007B8C3D /* CinemaMarker.swift */ = {isa = PBXFileReference; fileEncoding = 4; lastKnownFileType = sourcecode.swift; path = CinemaMarker.swift; sourceTree = "<group>"; };
		F8EF59CD1DD429A6007B8C3D /* CinemaMarkerInfoView.xib */ = {isa = PBXFileReference; fileEncoding = 4; lastKnownFileType = file.xib; path = CinemaMarkerInfoView.xib; sourceTree = "<group>"; };
		F8EF59CF1DD42CFD007B8C3D /* CinemaMarkerInfoView.swift */ = {isa = PBXFileReference; fileEncoding = 4; lastKnownFileType = sourcecode.swift; path = CinemaMarkerInfoView.swift; sourceTree = "<group>"; };
/* End PBXFileReference section */

/* Begin PBXFrameworksBuildPhase section */
		F86987891DD022B3007C08F5 /* Frameworks */ = {
			isa = PBXFrameworksBuildPhase;
			buildActionMask = 2147483647;
			files = (
				FBDC73566DD9F7BF576AC9D3 /* Pods_MovieApp.framework in Frameworks */,
			);
			runOnlyForDeploymentPostprocessing = 0;
		};
		F869879D1DD022B3007C08F5 /* Frameworks */ = {
			isa = PBXFrameworksBuildPhase;
			buildActionMask = 2147483647;
			files = (
				D51DD5ED375CB2C9FD9C4C12 /* Pods_MovieAppTests.framework in Frameworks */,
			);
			runOnlyForDeploymentPostprocessing = 0;
		};
		F86987A81DD022B3007C08F5 /* Frameworks */ = {
			isa = PBXFrameworksBuildPhase;
			buildActionMask = 2147483647;
			files = (
				136A7B716BB4AEE7686714B2 /* Pods_MovieAppUITests.framework in Frameworks */,
			);
			runOnlyForDeploymentPostprocessing = 0;
		};
/* End PBXFrameworksBuildPhase section */

/* Begin PBXGroup section */
		01004274E3686E60B0FD9BB9 /* Frameworks */ = {
			isa = PBXGroup;
			children = (
				86CCCA7BAED63B6ABB610BC6 /* Pods_MovieApp.framework */,
				76E8BC0BEA67765ED293FE92 /* Pods_MovieAppTests.framework */,
				B409C6F1423FD2E31DAAE06C /* Pods_MovieAppUITests.framework */,
			);
			name = Frameworks;
			sourceTree = "<group>";
		};
		F33300E9ED460F5C4ED0C0F3 /* Pods */ = {
			isa = PBXGroup;
			children = (
				4AA69B281E589204DE22A412 /* Pods-MovieApp.debug.xcconfig */,
				2B3C556B7E38B15AACC81BE2 /* Pods-MovieApp.release.xcconfig */,
				4C047EFEAC92532E5F1C71F0 /* Pods-MovieAppTests.debug.xcconfig */,
				B9432C7A96DD955720B637BB /* Pods-MovieAppTests.release.xcconfig */,
				988245126977F42375E14A76 /* Pods-MovieAppUITests.debug.xcconfig */,
				E3ABD191E049EDFC7EDB3A24 /* Pods-MovieAppUITests.release.xcconfig */,
			);
			name = Pods;
			sourceTree = "<group>";
		};
		F80BD1331DD9751F007D0C5F /* MovieDetailsModule */ = {
			isa = PBXGroup;
			children = (
				F80BD1341DD97538007D0C5F /* MovieDetailsViewController.swift */,
				F80BD1361DD97548007D0C5F /* MovieDetailsViewModel.swift */,
				F89CBD821DD9C73C00413DEC /* MovieDetails.swift */,
				F8373A5F1DDF0B0C00926E6D /* Schedule.swift */,
				F8373A611DDF0B6F00926E6D /* MovieSession.swift */,
				F8A3385E1DE297A800452915 /* MovieSessionGroup.swift */,
				F8470C1C1DDC463300ACC821 /* View */,
			);
			name = MovieDetailsModule;
			sourceTree = "<group>";
		};
		F83329E21DD311460068EF73 /* CinemaAroundModule */ = {
			isa = PBXGroup;
			children = (
				F83329E31DD315F10068EF73 /* CinemaAroundViewController.swift */,
				F83329E51DD315FE0068EF73 /* CinemaAroundViewModel.swift */,
				F83329E71DD31ABA0068EF73 /* Cinema.swift */,
				F83329E91DD31FEC0068EF73 /* CinemaCell.swift */,
				F8EF59CB1DD42497007B8C3D /* CinemaMarker.swift */,
				F8EF59D11DD43301007B8C3D /* View */,
			);
			name = CinemaAroundModule;
			sourceTree = "<group>";
		};
		F83789AC1DD1809800A28C4D /* API */ = {
			isa = PBXGroup;
			children = (
				F892BA9C1DD068D300A1E522 /* APIData.swift */,
				F83789AD1DD180D000A28C4D /* MovieApp-Bridging-Header.h */,
			);
			name = API;
			sourceTree = "<group>";
		};
		F83789B21DD1C28C00A28C4D /* MoviesListModule */ = {
			isa = PBXGroup;
			children = (
				F892BA941DD035DA00A1E522 /* MovieCell.swift */,
				F892BA911DD033CC00A1E522 /* MoviesListViewController.swift */,
				F892BA971DD03FC100A1E522 /* Movie.swift */,
				F892BA9A1DD05D2200A1E522 /* SubViewModel.swift */,
				F83789AE1DD1B1A700A28C4D /* MoviesListViewModel.swift */,
			);
			name = MoviesListModule;
			sourceTree = "<group>";
		};
		F83789B31DD1E25200A28C4D /* NewsListModule */ = {
			isa = PBXGroup;
			children = (
				F83789B41DD1E28400A28C4D /* NewsCell.swift */,
				F83789B61DD1E2EA00A28C4D /* NewsListViewModel.swift */,
				F83789B81DD1E32100A28C4D /* NewsListViewController.swift */,
				F83789BA1DD1E3FA00A28C4D /* News.swift */,
			);
			name = NewsListModule;
			sourceTree = "<group>";
		};
		F8470C1C1DDC463300ACC821 /* View */ = {
			isa = PBXGroup;
			children = (
				F851F2621DDD846F002EC768 /* Schedule */,
				F851F25F1DDD6CC5002EC768 /* ThumbnailCell */,
				F851F25E1DDD6CBB002EC768 /* MovieTitleCell */,
				F851F25D1DDD6C9B002EC768 /* MovieSummaryCell */,
				F851F25C1DDD6C94002EC768 /* CalendarCell */,
			);
			name = View;
			sourceTree = "<group>";
		};
		F851F25C1DDD6C94002EC768 /* CalendarCell */ = {
			isa = PBXGroup;
			children = (
				F851F2561DDD6618002EC768 /* CalendarCell.xib */,
				F851F2581DDD662B002EC768 /* CalendarCell.swift */,
				F851F25A1DDD6C82002EC768 /* DayCell.swift */,
				F851F2601DDD72E3002EC768 /* DayCell.xib */,
			);
			name = CalendarCell;
			sourceTree = "<group>";
		};
		F851F25D1DDD6C9B002EC768 /* MovieSummaryCell */ = {
			isa = PBXGroup;
			children = (
				F851F2521DDD4F4F002EC768 /* MovieSummaryCell.xib */,
				F851F2541DDD4F61002EC768 /* MovieSummaryCell.swift */,
				F893F5E31DDB172000144721 /* MoreButton.swift */,
			);
			name = MovieSummaryCell;
			sourceTree = "<group>";
		};
		F851F25E1DDD6CBB002EC768 /* MovieTitleCell */ = {
			isa = PBXGroup;
			children = (
				F8470C1F1DDC512000ACC821 /* MovieTitleCell.xib */,
				F8470C211DDC512B00ACC821 /* MovieTitleCell.swift */,
			);
			name = MovieTitleCell;
			sourceTree = "<group>";
		};
		F851F25F1DDD6CC5002EC768 /* ThumbnailCell */ = {
			isa = PBXGroup;
			children = (
				F8470C1A1DDC462900ACC821 /* ThumbnailCell.xib */,
				F8470C1D1DDC470900ACC821 /* ThumbnailCell.swift */,
				F86B03711DE578A90037959B /* VideoControlView.xib */,
				F86B03731DE578B50037959B /* VideoControlView.swift */,
			);
			name = ThumbnailCell;
			sourceTree = "<group>";
		};
		F851F2621DDD846F002EC768 /* Schedule */ = {
			isa = PBXGroup;
			children = (
				F851F2691DDD84F1002EC768 /* CinemaGroupCell.xib */,
				F851F26B1DDD8503002EC768 /* CinemaGroupCell.swift */,
				F8A338601DE302D100452915 /* ScheduleCell.swift */,
				F8A338621DE302DD00452915 /* ScheduleCell.xib */,
				F851F2651DDD849B002EC768 /* CinemaScheduleCell.xib */,
				F851F2671DDD84AB002EC768 /* CinemaScheduleCell.swift */,
				F8373A571DDEDA6600926E6D /* CategoryCell.xib */,
				F8373A591DDEDA7000926E6D /* CategoryCell.swift */,
				F8373A5B1DDEDB6100926E6D /* TimeCell.xib */,
				F8373A5D1DDEDB6A00926E6D /* TimeCell.swift */,
			);
			name = Schedule;
			sourceTree = "<group>";
		};
		F86987831DD022B3007C08F5 = {
			isa = PBXGroup;
			children = (
				F869878E1DD022B3007C08F5 /* MovieApp */,
				F86987A31DD022B3007C08F5 /* MovieAppTests */,
				F86987AE1DD022B3007C08F5 /* MovieAppUITests */,
				F869878D1DD022B3007C08F5 /* Products */,
				F33300E9ED460F5C4ED0C0F3 /* Pods */,
				01004274E3686E60B0FD9BB9 /* Frameworks */,
			);
			sourceTree = "<group>";
		};
		F869878D1DD022B3007C08F5 /* Products */ = {
			isa = PBXGroup;
			children = (
				F869878C1DD022B3007C08F5 /* MovieApp.app */,
				F86987A01DD022B3007C08F5 /* MovieAppTests.xctest */,
				F86987AB1DD022B3007C08F5 /* MovieAppUITests.xctest */,
			);
			name = Products;
			sourceTree = "<group>";
		};
		F869878E1DD022B3007C08F5 /* MovieApp */ = {
			isa = PBXGroup;
			children = (
				F83789AC1DD1809800A28C4D /* API */,
				F892BA991DD05CE200A1E522 /* Modules */,
				F892BA8F1DD02D0800A1E522 /* CustomTabBarController.swift */,
				F869878F1DD022B3007C08F5 /* AppDelegate.swift */,
				F86987931DD022B3007C08F5 /* Main.storyboard */,
				F86987961DD022B3007C08F5 /* Assets.xcassets */,
				F86987981DD022B3007C08F5 /* LaunchScreen.storyboard */,
				F869879B1DD022B3007C08F5 /* Info.plist */,
			);
			path = MovieApp;
			sourceTree = "<group>";
		};
		F86987A31DD022B3007C08F5 /* MovieAppTests */ = {
			isa = PBXGroup;
			children = (
				F86987A41DD022B3007C08F5 /* MovieAppTests.swift */,
				F86987A61DD022B3007C08F5 /* Info.plist */,
			);
			path = MovieAppTests;
			sourceTree = "<group>";
		};
		F86987AE1DD022B3007C08F5 /* MovieAppUITests */ = {
			isa = PBXGroup;
			children = (
				F86987AF1DD022B3007C08F5 /* MovieAppUITests.swift */,
				F86987B11DD022B4007C08F5 /* Info.plist */,
			);
			path = MovieAppUITests;
			sourceTree = "<group>";
		};
		F892BA991DD05CE200A1E522 /* Modules */ = {
			isa = PBXGroup;
			children = (
				F80BD1331DD9751F007D0C5F /* MovieDetailsModule */,
				F83329E21DD311460068EF73 /* CinemaAroundModule */,
				F83789B31DD1E25200A28C4D /* NewsListModule */,
				F83789B21DD1C28C00A28C4D /* MoviesListModule */,
				F8373A531DDEACD500926E6D /* UIExtension.swift */,
			);
			name = Modules;
			sourceTree = "<group>";
		};
		F8EF59D11DD43301007B8C3D /* View */ = {
			isa = PBXGroup;
			children = (
				F8EF59CD1DD429A6007B8C3D /* CinemaMarkerInfoView.xib */,
				F8EF59CF1DD42CFD007B8C3D /* CinemaMarkerInfoView.swift */,
			);
			name = View;
			sourceTree = "<group>";
		};
/* End PBXGroup section */

/* Begin PBXNativeTarget section */
		F869878B1DD022B3007C08F5 /* MovieApp */ = {
			isa = PBXNativeTarget;
			buildConfigurationList = F86987B41DD022B4007C08F5 /* Build configuration list for PBXNativeTarget "MovieApp" */;
			buildPhases = (
				9909368319661A9DC95B4FF5 /* [CP] Check Pods Manifest.lock */,
				F86987881DD022B3007C08F5 /* Sources */,
				F86987891DD022B3007C08F5 /* Frameworks */,
				F869878A1DD022B3007C08F5 /* Resources */,
				C9007825AB8FAE80717AD609 /* [CP] Embed Pods Frameworks */,
				09449702CEBBDBBA00F3930D /* [CP] Copy Pods Resources */,
			);
			buildRules = (
			);
			dependencies = (
			);
			name = MovieApp;
			productName = MovieApp;
			productReference = F869878C1DD022B3007C08F5 /* MovieApp.app */;
			productType = "com.apple.product-type.application";
		};
		F869879F1DD022B3007C08F5 /* MovieAppTests */ = {
			isa = PBXNativeTarget;
			buildConfigurationList = F86987B71DD022B4007C08F5 /* Build configuration list for PBXNativeTarget "MovieAppTests" */;
			buildPhases = (
				8C53CFA0AFBAED96D8CA5D90 /* [CP] Check Pods Manifest.lock */,
				F869879C1DD022B3007C08F5 /* Sources */,
				F869879D1DD022B3007C08F5 /* Frameworks */,
				F869879E1DD022B3007C08F5 /* Resources */,
				C0191436B5A2FC8BFC5F4DBC /* [CP] Embed Pods Frameworks */,
				1FCAA002467AE2E00381B88A /* [CP] Copy Pods Resources */,
			);
			buildRules = (
			);
			dependencies = (
				F86987A21DD022B3007C08F5 /* PBXTargetDependency */,
			);
			name = MovieAppTests;
			productName = MovieAppTests;
			productReference = F86987A01DD022B3007C08F5 /* MovieAppTests.xctest */;
			productType = "com.apple.product-type.bundle.unit-test";
		};
		F86987AA1DD022B3007C08F5 /* MovieAppUITests */ = {
			isa = PBXNativeTarget;
			buildConfigurationList = F86987BA1DD022B4007C08F5 /* Build configuration list for PBXNativeTarget "MovieAppUITests" */;
			buildPhases = (
				A9E34C2CD21FF7EBE05BF047 /* [CP] Check Pods Manifest.lock */,
				F86987A71DD022B3007C08F5 /* Sources */,
				F86987A81DD022B3007C08F5 /* Frameworks */,
				F86987A91DD022B3007C08F5 /* Resources */,
				CFCD4BE38259E77D9AB8B4A0 /* [CP] Embed Pods Frameworks */,
				5FF1A57B5FA158A1D894E5F5 /* [CP] Copy Pods Resources */,
			);
			buildRules = (
			);
			dependencies = (
				F86987AD1DD022B3007C08F5 /* PBXTargetDependency */,
			);
			name = MovieAppUITests;
			productName = MovieAppUITests;
			productReference = F86987AB1DD022B3007C08F5 /* MovieAppUITests.xctest */;
			productType = "com.apple.product-type.bundle.ui-testing";
		};
/* End PBXNativeTarget section */

/* Begin PBXProject section */
		F86987841DD022B3007C08F5 /* Project object */ = {
			isa = PBXProject;
			attributes = {
				LastSwiftUpdateCheck = 0800;
				LastUpgradeCheck = 0810;
				ORGANIZATIONNAME = NguyenThanhDuc;
				TargetAttributes = {
					F869878B1DD022B3007C08F5 = {
						CreatedOnToolsVersion = 8.0;
						DevelopmentTeam = ER36CQZ4KE;
						ProvisioningStyle = Automatic;
					};
					F869879F1DD022B3007C08F5 = {
						CreatedOnToolsVersion = 8.0;
						ProvisioningStyle = Automatic;
						TestTargetID = F869878B1DD022B3007C08F5;
					};
					F86987AA1DD022B3007C08F5 = {
						CreatedOnToolsVersion = 8.0;
						ProvisioningStyle = Automatic;
						TestTargetID = F869878B1DD022B3007C08F5;
					};
				};
			};
			buildConfigurationList = F86987871DD022B3007C08F5 /* Build configuration list for PBXProject "MovieApp" */;
			compatibilityVersion = "Xcode 3.2";
			developmentRegion = English;
			hasScannedForEncodings = 0;
			knownRegions = (
				en,
				Base,
			);
			mainGroup = F86987831DD022B3007C08F5;
			productRefGroup = F869878D1DD022B3007C08F5 /* Products */;
			projectDirPath = "";
			projectRoot = "";
			targets = (
				F869878B1DD022B3007C08F5 /* MovieApp */,
				F869879F1DD022B3007C08F5 /* MovieAppTests */,
				F86987AA1DD022B3007C08F5 /* MovieAppUITests */,
			);
		};
/* End PBXProject section */

/* Begin PBXResourcesBuildPhase section */
		F869878A1DD022B3007C08F5 /* Resources */ = {
			isa = PBXResourcesBuildPhase;
			buildActionMask = 2147483647;
			files = (
				F8A338631DE302DD00452915 /* ScheduleCell.xib in Resources */,
				F851F2661DDD849B002EC768 /* CinemaScheduleCell.xib in Resources */,
				F869879A1DD022B3007C08F5 /* LaunchScreen.storyboard in Resources */,
				F851F2611DDD72E3002EC768 /* DayCell.xib in Resources */,
				F86987971DD022B3007C08F5 /* Assets.xcassets in Resources */,
				F86987951DD022B3007C08F5 /* Main.storyboard in Resources */,
				F851F2571DDD6618002EC768 /* CalendarCell.xib in Resources */,
				F8EF59CE1DD429A6007B8C3D /* CinemaMarkerInfoView.xib in Resources */,
				F86B03721DE578A90037959B /* VideoControlView.xib in Resources */,
				F8373A5C1DDEDB6100926E6D /* TimeCell.xib in Resources */,
				F8373A581DDEDA6600926E6D /* CategoryCell.xib in Resources */,
				F851F26A1DDD84F1002EC768 /* CinemaGroupCell.xib in Resources */,
				F8470C1B1DDC462900ACC821 /* ThumbnailCell.xib in Resources */,
				F851F2531DDD4F4F002EC768 /* MovieSummaryCell.xib in Resources */,
				F8470C201DDC512000ACC821 /* MovieTitleCell.xib in Resources */,
			);
			runOnlyForDeploymentPostprocessing = 0;
		};
		F869879E1DD022B3007C08F5 /* Resources */ = {
			isa = PBXResourcesBuildPhase;
			buildActionMask = 2147483647;
			files = (
			);
			runOnlyForDeploymentPostprocessing = 0;
		};
		F86987A91DD022B3007C08F5 /* Resources */ = {
			isa = PBXResourcesBuildPhase;
			buildActionMask = 2147483647;
			files = (
			);
			runOnlyForDeploymentPostprocessing = 0;
		};
/* End PBXResourcesBuildPhase section */

/* Begin PBXShellScriptBuildPhase section */
		09449702CEBBDBBA00F3930D /* [CP] Copy Pods Resources */ = {
			isa = PBXShellScriptBuildPhase;
			buildActionMask = 2147483647;
			files = (
			);
			inputPaths = (
			);
			name = "[CP] Copy Pods Resources";
			outputPaths = (
			);
			runOnlyForDeploymentPostprocessing = 0;
			shellPath = /bin/sh;
			shellScript = "\"${SRCROOT}/Pods/Target Support Files/Pods-MovieApp/Pods-MovieApp-resources.sh\"\n";
			showEnvVarsInLog = 0;
		};
		1FCAA002467AE2E00381B88A /* [CP] Copy Pods Resources */ = {
			isa = PBXShellScriptBuildPhase;
			buildActionMask = 2147483647;
			files = (
			);
			inputPaths = (
			);
			name = "[CP] Copy Pods Resources";
			outputPaths = (
			);
			runOnlyForDeploymentPostprocessing = 0;
			shellPath = /bin/sh;
			shellScript = "\"${SRCROOT}/Pods/Target Support Files/Pods-MovieAppTests/Pods-MovieAppTests-resources.sh\"\n";
			showEnvVarsInLog = 0;
		};
		5FF1A57B5FA158A1D894E5F5 /* [CP] Copy Pods Resources */ = {
			isa = PBXShellScriptBuildPhase;
			buildActionMask = 2147483647;
			files = (
			);
			inputPaths = (
			);
			name = "[CP] Copy Pods Resources";
			outputPaths = (
			);
			runOnlyForDeploymentPostprocessing = 0;
			shellPath = /bin/sh;
			shellScript = "\"${SRCROOT}/Pods/Target Support Files/Pods-MovieAppUITests/Pods-MovieAppUITests-resources.sh\"\n";
			showEnvVarsInLog = 0;
		};
		8C53CFA0AFBAED96D8CA5D90 /* [CP] Check Pods Manifest.lock */ = {
			isa = PBXShellScriptBuildPhase;
			buildActionMask = 2147483647;
			files = (
			);
			inputPaths = (
			);
			name = "[CP] Check Pods Manifest.lock";
			outputPaths = (
			);
			runOnlyForDeploymentPostprocessing = 0;
			shellPath = /bin/sh;
			shellScript = "diff \"${PODS_ROOT}/../Podfile.lock\" \"${PODS_ROOT}/Manifest.lock\" > /dev/null\nif [ $? != 0 ] ; then\n    # print error to STDERR\n    echo \"error: The sandbox is not in sync with the Podfile.lock. Run 'pod install' or update your CocoaPods installation.\" >&2\n    exit 1\nfi\n";
			showEnvVarsInLog = 0;
		};
		9909368319661A9DC95B4FF5 /* [CP] Check Pods Manifest.lock */ = {
			isa = PBXShellScriptBuildPhase;
			buildActionMask = 2147483647;
			files = (
			);
			inputPaths = (
			);
			name = "[CP] Check Pods Manifest.lock";
			outputPaths = (
			);
			runOnlyForDeploymentPostprocessing = 0;
			shellPath = /bin/sh;
			shellScript = "diff \"${PODS_ROOT}/../Podfile.lock\" \"${PODS_ROOT}/Manifest.lock\" > /dev/null\nif [ $? != 0 ] ; then\n    # print error to STDERR\n    echo \"error: The sandbox is not in sync with the Podfile.lock. Run 'pod install' or update your CocoaPods installation.\" >&2\n    exit 1\nfi\n";
			showEnvVarsInLog = 0;
		};
		A9E34C2CD21FF7EBE05BF047 /* [CP] Check Pods Manifest.lock */ = {
			isa = PBXShellScriptBuildPhase;
			buildActionMask = 2147483647;
			files = (
			);
			inputPaths = (
			);
			name = "[CP] Check Pods Manifest.lock";
			outputPaths = (
			);
			runOnlyForDeploymentPostprocessing = 0;
			shellPath = /bin/sh;
			shellScript = "diff \"${PODS_ROOT}/../Podfile.lock\" \"${PODS_ROOT}/Manifest.lock\" > /dev/null\nif [ $? != 0 ] ; then\n    # print error to STDERR\n    echo \"error: The sandbox is not in sync with the Podfile.lock. Run 'pod install' or update your CocoaPods installation.\" >&2\n    exit 1\nfi\n";
			showEnvVarsInLog = 0;
		};
		C0191436B5A2FC8BFC5F4DBC /* [CP] Embed Pods Frameworks */ = {
			isa = PBXShellScriptBuildPhase;
			buildActionMask = 2147483647;
			files = (
			);
			inputPaths = (
			);
			name = "[CP] Embed Pods Frameworks";
			outputPaths = (
			);
			runOnlyForDeploymentPostprocessing = 0;
			shellPath = /bin/sh;
			shellScript = "\"${SRCROOT}/Pods/Target Support Files/Pods-MovieAppTests/Pods-MovieAppTests-frameworks.sh\"\n";
			showEnvVarsInLog = 0;
		};
		C9007825AB8FAE80717AD609 /* [CP] Embed Pods Frameworks */ = {
			isa = PBXShellScriptBuildPhase;
			buildActionMask = 2147483647;
			files = (
			);
			inputPaths = (
			);
			name = "[CP] Embed Pods Frameworks";
			outputPaths = (
			);
			runOnlyForDeploymentPostprocessing = 0;
			shellPath = /bin/sh;
			shellScript = "\"${SRCROOT}/Pods/Target Support Files/Pods-MovieApp/Pods-MovieApp-frameworks.sh\"\n";
			showEnvVarsInLog = 0;
		};
		CFCD4BE38259E77D9AB8B4A0 /* [CP] Embed Pods Frameworks */ = {
			isa = PBXShellScriptBuildPhase;
			buildActionMask = 2147483647;
			files = (
			);
			inputPaths = (
			);
			name = "[CP] Embed Pods Frameworks";
			outputPaths = (
			);
			runOnlyForDeploymentPostprocessing = 0;
			shellPath = /bin/sh;
			shellScript = "\"${SRCROOT}/Pods/Target Support Files/Pods-MovieAppUITests/Pods-MovieAppUITests-frameworks.sh\"\n";
			showEnvVarsInLog = 0;
		};
/* End PBXShellScriptBuildPhase section */

/* Begin PBXSourcesBuildPhase section */
		F86987881DD022B3007C08F5 /* Sources */ = {
			isa = PBXSourcesBuildPhase;
			buildActionMask = 2147483647;
			files = (
				F8470C1E1DDC470900ACC821 /* ThumbnailCell.swift in Sources */,
				F8373A621DDF0B6F00926E6D /* MovieSession.swift in Sources */,
				F80BD1371DD97548007D0C5F /* MovieDetailsViewModel.swift in Sources */,
				F892BA9B1DD05D2200A1E522 /* SubViewModel.swift in Sources */,
				F851F2551DDD4F61002EC768 /* MovieSummaryCell.swift in Sources */,
				F8373A5A1DDEDA7000926E6D /* CategoryCell.swift in Sources */,
				F83789B51DD1E28400A28C4D /* NewsCell.swift in Sources */,
				F80BD1351DD97538007D0C5F /* MovieDetailsViewController.swift in Sources */,
				F892BA9D1DD068D300A1E522 /* APIData.swift in Sources */,
				F86B03741DE578B50037959B /* VideoControlView.swift in Sources */,
				F8EF59CC1DD42497007B8C3D /* CinemaMarker.swift in Sources */,
				F892BA901DD02D0800A1E522 /* CustomTabBarController.swift in Sources */,
				F8EF59D01DD42CFD007B8C3D /* CinemaMarkerInfoView.swift in Sources */,
				F851F2681DDD84AB002EC768 /* CinemaScheduleCell.swift in Sources */,
				F89CBD831DD9C73C00413DEC /* MovieDetails.swift in Sources */,
				F8A3385F1DE297A800452915 /* MovieSessionGroup.swift in Sources */,
				F851F2591DDD662B002EC768 /* CalendarCell.swift in Sources */,
				F8373A541DDEACD500926E6D /* UIExtension.swift in Sources */,
				F892BA921DD033CC00A1E522 /* MoviesListViewController.swift in Sources */,
				F86987901DD022B3007C08F5 /* AppDelegate.swift in Sources */,
				F83789BB1DD1E3FA00A28C4D /* News.swift in Sources */,
				F83789B91DD1E32100A28C4D /* NewsListViewController.swift in Sources */,
				F83329EA1DD31FEC0068EF73 /* CinemaCell.swift in Sources */,
				F8A338611DE302D100452915 /* ScheduleCell.swift in Sources */,
				F83329E61DD315FE0068EF73 /* CinemaAroundViewModel.swift in Sources */,
				F83329E81DD31ABA0068EF73 /* Cinema.swift in Sources */,
				F851F25B1DDD6C82002EC768 /* DayCell.swift in Sources */,
				F893F5E41DDB172000144721 /* MoreButton.swift in Sources */,
				F8373A601DDF0B0C00926E6D /* Schedule.swift in Sources */,
				F8373A5E1DDEDB6A00926E6D /* TimeCell.swift in Sources */,
				F892BA951DD035DA00A1E522 /* MovieCell.swift in Sources */,
				F851F26C1DDD8503002EC768 /* CinemaGroupCell.swift in Sources */,
				F83789B71DD1E2EA00A28C4D /* NewsListViewModel.swift in Sources */,
				F83329E41DD315F10068EF73 /* CinemaAroundViewController.swift in Sources */,
				F892BA981DD03FC100A1E522 /* Movie.swift in Sources */,
				F83789AF1DD1B1A700A28C4D /* MoviesListViewModel.swift in Sources */,
				F8470C221DDC512B00ACC821 /* MovieTitleCell.swift in Sources */,
			);
			runOnlyForDeploymentPostprocessing = 0;
		};
		F869879C1DD022B3007C08F5 /* Sources */ = {
			isa = PBXSourcesBuildPhase;
			buildActionMask = 2147483647;
			files = (
				F86987A51DD022B3007C08F5 /* MovieAppTests.swift in Sources */,
			);
			runOnlyForDeploymentPostprocessing = 0;
		};
		F86987A71DD022B3007C08F5 /* Sources */ = {
			isa = PBXSourcesBuildPhase;
			buildActionMask = 2147483647;
			files = (
				F86987B01DD022B3007C08F5 /* MovieAppUITests.swift in Sources */,
			);
			runOnlyForDeploymentPostprocessing = 0;
		};
/* End PBXSourcesBuildPhase section */

/* Begin PBXTargetDependency section */
		F86987A21DD022B3007C08F5 /* PBXTargetDependency */ = {
			isa = PBXTargetDependency;
			target = F869878B1DD022B3007C08F5 /* MovieApp */;
			targetProxy = F86987A11DD022B3007C08F5 /* PBXContainerItemProxy */;
		};
		F86987AD1DD022B3007C08F5 /* PBXTargetDependency */ = {
			isa = PBXTargetDependency;
			target = F869878B1DD022B3007C08F5 /* MovieApp */;
			targetProxy = F86987AC1DD022B3007C08F5 /* PBXContainerItemProxy */;
		};
/* End PBXTargetDependency section */

/* Begin PBXVariantGroup section */
		F86987931DD022B3007C08F5 /* Main.storyboard */ = {
			isa = PBXVariantGroup;
			children = (
				F86987941DD022B3007C08F5 /* Base */,
			);
			name = Main.storyboard;
			sourceTree = "<group>";
		};
		F86987981DD022B3007C08F5 /* LaunchScreen.storyboard */ = {
			isa = PBXVariantGroup;
			children = (
				F86987991DD022B3007C08F5 /* Base */,
			);
			name = LaunchScreen.storyboard;
			sourceTree = "<group>";
		};
/* End PBXVariantGroup section */

/* Begin XCBuildConfiguration section */
		F86987B21DD022B4007C08F5 /* Debug */ = {
			isa = XCBuildConfiguration;
			buildSettings = {
				ALWAYS_SEARCH_USER_PATHS = NO;
				CLANG_ANALYZER_NONNULL = YES;
				CLANG_CXX_LANGUAGE_STANDARD = "gnu++0x";
				CLANG_CXX_LIBRARY = "libc++";
				CLANG_ENABLE_MODULES = YES;
				CLANG_ENABLE_OBJC_ARC = YES;
				CLANG_WARN_BOOL_CONVERSION = YES;
				CLANG_WARN_CONSTANT_CONVERSION = YES;
				CLANG_WARN_DIRECT_OBJC_ISA_USAGE = YES_ERROR;
				CLANG_WARN_DOCUMENTATION_COMMENTS = YES;
				CLANG_WARN_EMPTY_BODY = YES;
				CLANG_WARN_ENUM_CONVERSION = YES;
				CLANG_WARN_INFINITE_RECURSION = YES;
				CLANG_WARN_INT_CONVERSION = YES;
				CLANG_WARN_OBJC_ROOT_CLASS = YES_ERROR;
				CLANG_WARN_SUSPICIOUS_MOVE = YES;
				CLANG_WARN_SUSPICIOUS_MOVES = YES;
				CLANG_WARN_UNREACHABLE_CODE = YES;
				CLANG_WARN__DUPLICATE_METHOD_MATCH = YES;
				"CODE_SIGN_IDENTITY[sdk=iphoneos*]" = "iPhone Developer";
				COPY_PHASE_STRIP = NO;
				DEBUG_INFORMATION_FORMAT = dwarf;
				ENABLE_STRICT_OBJC_MSGSEND = YES;
				ENABLE_TESTABILITY = YES;
				GCC_C_LANGUAGE_STANDARD = gnu99;
				GCC_DYNAMIC_NO_PIC = NO;
				GCC_NO_COMMON_BLOCKS = YES;
				GCC_OPTIMIZATION_LEVEL = 0;
				GCC_PREPROCESSOR_DEFINITIONS = (
					"DEBUG=1",
					"$(inherited)",
				);
				GCC_WARN_64_TO_32_BIT_CONVERSION = YES;
				GCC_WARN_ABOUT_RETURN_TYPE = YES_ERROR;
				GCC_WARN_UNDECLARED_SELECTOR = YES;
				GCC_WARN_UNINITIALIZED_AUTOS = YES_AGGRESSIVE;
				GCC_WARN_UNUSED_FUNCTION = YES;
				GCC_WARN_UNUSED_VARIABLE = YES;
				IPHONEOS_DEPLOYMENT_TARGET = 9.3;
				MTL_ENABLE_DEBUG_INFO = YES;
				ONLY_ACTIVE_ARCH = YES;
				SDKROOT = iphoneos;
				SWIFT_ACTIVE_COMPILATION_CONDITIONS = DEBUG;
				SWIFT_OPTIMIZATION_LEVEL = "-Onone";
				TARGETED_DEVICE_FAMILY = "1,2";
			};
			name = Debug;
		};
		F86987B31DD022B4007C08F5 /* Release */ = {
			isa = XCBuildConfiguration;
			buildSettings = {
				ALWAYS_SEARCH_USER_PATHS = NO;
				CLANG_ANALYZER_NONNULL = YES;
				CLANG_CXX_LANGUAGE_STANDARD = "gnu++0x";
				CLANG_CXX_LIBRARY = "libc++";
				CLANG_ENABLE_MODULES = YES;
				CLANG_ENABLE_OBJC_ARC = YES;
				CLANG_WARN_BOOL_CONVERSION = YES;
				CLANG_WARN_CONSTANT_CONVERSION = YES;
				CLANG_WARN_DIRECT_OBJC_ISA_USAGE = YES_ERROR;
				CLANG_WARN_DOCUMENTATION_COMMENTS = YES;
				CLANG_WARN_EMPTY_BODY = YES;
				CLANG_WARN_ENUM_CONVERSION = YES;
				CLANG_WARN_INFINITE_RECURSION = YES;
				CLANG_WARN_INT_CONVERSION = YES;
				CLANG_WARN_OBJC_ROOT_CLASS = YES_ERROR;
				CLANG_WARN_SUSPICIOUS_MOVE = YES;
				CLANG_WARN_SUSPICIOUS_MOVES = YES;
				CLANG_WARN_UNREACHABLE_CODE = YES;
				CLANG_WARN__DUPLICATE_METHOD_MATCH = YES;
				"CODE_SIGN_IDENTITY[sdk=iphoneos*]" = "iPhone Developer";
				COPY_PHASE_STRIP = NO;
				DEBUG_INFORMATION_FORMAT = "dwarf-with-dsym";
				ENABLE_NS_ASSERTIONS = NO;
				ENABLE_STRICT_OBJC_MSGSEND = YES;
				GCC_C_LANGUAGE_STANDARD = gnu99;
				GCC_NO_COMMON_BLOCKS = YES;
				GCC_WARN_64_TO_32_BIT_CONVERSION = YES;
				GCC_WARN_ABOUT_RETURN_TYPE = YES_ERROR;
				GCC_WARN_UNDECLARED_SELECTOR = YES;
				GCC_WARN_UNINITIALIZED_AUTOS = YES_AGGRESSIVE;
				GCC_WARN_UNUSED_FUNCTION = YES;
				GCC_WARN_UNUSED_VARIABLE = YES;
				IPHONEOS_DEPLOYMENT_TARGET = 9.3;
				MTL_ENABLE_DEBUG_INFO = NO;
				SDKROOT = iphoneos;
				SWIFT_OPTIMIZATION_LEVEL = "-Owholemodule";
				TARGETED_DEVICE_FAMILY = "1,2";
				VALIDATE_PRODUCT = YES;
			};
			name = Release;
		};
		F86987B51DD022B4007C08F5 /* Debug */ = {
			isa = XCBuildConfiguration;
			baseConfigurationReference = 4AA69B281E589204DE22A412 /* Pods-MovieApp.debug.xcconfig */;
			buildSettings = {
				ALWAYS_EMBED_SWIFT_STANDARD_LIBRARIES = YES;
				ASSETCATALOG_COMPILER_APPICON_NAME = AppIcon;
				DEVELOPMENT_TEAM = ER36CQZ4KE;
				INFOPLIST_FILE = MovieApp/Info.plist;
				IPHONEOS_DEPLOYMENT_TARGET = 9.3;
				LD_RUNPATH_SEARCH_PATHS = "$(inherited) @executable_path/Frameworks";
				PRODUCT_BUNDLE_IDENTIFIER = com.NguyenThanhDuc.MovieApp;
				PRODUCT_NAME = "$(TARGET_NAME)";
				SWIFT_OBJC_BRIDGING_HEADER = "MovieApp/MovieApp-Bridging-Header.h";
				SWIFT_VERSION = 3.0;
				TARGETED_DEVICE_FAMILY = 1;
			};
			name = Debug;
		};
		F86987B61DD022B4007C08F5 /* Release */ = {
			isa = XCBuildConfiguration;
			baseConfigurationReference = 2B3C556B7E38B15AACC81BE2 /* Pods-MovieApp.release.xcconfig */;
			buildSettings = {
				ALWAYS_EMBED_SWIFT_STANDARD_LIBRARIES = YES;
				ASSETCATALOG_COMPILER_APPICON_NAME = AppIcon;
				DEVELOPMENT_TEAM = ER36CQZ4KE;
				INFOPLIST_FILE = MovieApp/Info.plist;
				IPHONEOS_DEPLOYMENT_TARGET = 9.3;
				LD_RUNPATH_SEARCH_PATHS = "$(inherited) @executable_path/Frameworks";
				PRODUCT_BUNDLE_IDENTIFIER = com.NguyenThanhDuc.MovieApp;
				PRODUCT_NAME = "$(TARGET_NAME)";
				SWIFT_OBJC_BRIDGING_HEADER = "MovieApp/MovieApp-Bridging-Header.h";
				SWIFT_VERSION = 3.0;
				TARGETED_DEVICE_FAMILY = 1;
			};
			name = Release;
		};
		F86987B81DD022B4007C08F5 /* Debug */ = {
			isa = XCBuildConfiguration;
			baseConfigurationReference = 4C047EFEAC92532E5F1C71F0 /* Pods-MovieAppTests.debug.xcconfig */;
			buildSettings = {
				ALWAYS_EMBED_SWIFT_STANDARD_LIBRARIES = YES;
				BUNDLE_LOADER = "$(TEST_HOST)";
				INFOPLIST_FILE = MovieAppTests/Info.plist;
				LD_RUNPATH_SEARCH_PATHS = "$(inherited) @executable_path/Frameworks @loader_path/Frameworks";
				PRODUCT_BUNDLE_IDENTIFIER = com.NguyenThanhDuc.MovieAppTests;
				PRODUCT_NAME = "$(TARGET_NAME)";
				SWIFT_VERSION = 3.0;
				TEST_HOST = "$(BUILT_PRODUCTS_DIR)/MovieApp.app/MovieApp";
			};
			name = Debug;
		};
		F86987B91DD022B4007C08F5 /* Release */ = {
			isa = XCBuildConfiguration;
			baseConfigurationReference = B9432C7A96DD955720B637BB /* Pods-MovieAppTests.release.xcconfig */;
			buildSettings = {
				ALWAYS_EMBED_SWIFT_STANDARD_LIBRARIES = YES;
				BUNDLE_LOADER = "$(TEST_HOST)";
				INFOPLIST_FILE = MovieAppTests/Info.plist;
				LD_RUNPATH_SEARCH_PATHS = "$(inherited) @executable_path/Frameworks @loader_path/Frameworks";
				PRODUCT_BUNDLE_IDENTIFIER = com.NguyenThanhDuc.MovieAppTests;
				PRODUCT_NAME = "$(TARGET_NAME)";
				SWIFT_VERSION = 3.0;
				TEST_HOST = "$(BUILT_PRODUCTS_DIR)/MovieApp.app/MovieApp";
			};
			name = Release;
		};
		F86987BB1DD022B4007C08F5 /* Debug */ = {
			isa = XCBuildConfiguration;
			baseConfigurationReference = 988245126977F42375E14A76 /* Pods-MovieAppUITests.debug.xcconfig */;
			buildSettings = {
				ALWAYS_EMBED_SWIFT_STANDARD_LIBRARIES = YES;
				INFOPLIST_FILE = MovieAppUITests/Info.plist;
				LD_RUNPATH_SEARCH_PATHS = "$(inherited) @executable_path/Frameworks @loader_path/Frameworks";
				PRODUCT_BUNDLE_IDENTIFIER = com.NguyenThanhDuc.MovieAppUITests;
				PRODUCT_NAME = "$(TARGET_NAME)";
				SWIFT_VERSION = 3.0;
				TEST_TARGET_NAME = MovieApp;
			};
			name = Debug;
		};
		F86987BC1DD022B4007C08F5 /* Release */ = {
			isa = XCBuildConfiguration;
			baseConfigurationReference = E3ABD191E049EDFC7EDB3A24 /* Pods-MovieAppUITests.release.xcconfig */;
			buildSettings = {
				ALWAYS_EMBED_SWIFT_STANDARD_LIBRARIES = YES;
				INFOPLIST_FILE = MovieAppUITests/Info.plist;
				LD_RUNPATH_SEARCH_PATHS = "$(inherited) @executable_path/Frameworks @loader_path/Frameworks";
				PRODUCT_BUNDLE_IDENTIFIER = com.NguyenThanhDuc.MovieAppUITests;
				PRODUCT_NAME = "$(TARGET_NAME)";
				SWIFT_VERSION = 3.0;
				TEST_TARGET_NAME = MovieApp;
			};
			name = Release;
		};
/* End XCBuildConfiguration section */

/* Begin XCConfigurationList section */
		F86987871DD022B3007C08F5 /* Build configuration list for PBXProject "MovieApp" */ = {
			isa = XCConfigurationList;
			buildConfigurations = (
				F86987B21DD022B4007C08F5 /* Debug */,
				F86987B31DD022B4007C08F5 /* Release */,
			);
			defaultConfigurationIsVisible = 0;
			defaultConfigurationName = Release;
		};
		F86987B41DD022B4007C08F5 /* Build configuration list for PBXNativeTarget "MovieApp" */ = {
			isa = XCConfigurationList;
			buildConfigurations = (
				F86987B51DD022B4007C08F5 /* Debug */,
				F86987B61DD022B4007C08F5 /* Release */,
			);
			defaultConfigurationIsVisible = 0;
			defaultConfigurationName = Release;
		};
		F86987B71DD022B4007C08F5 /* Build configuration list for PBXNativeTarget "MovieAppTests" */ = {
			isa = XCConfigurationList;
			buildConfigurations = (
				F86987B81DD022B4007C08F5 /* Debug */,
				F86987B91DD022B4007C08F5 /* Release */,
			);
			defaultConfigurationIsVisible = 0;
			defaultConfigurationName = Release;
		};
		F86987BA1DD022B4007C08F5 /* Build configuration list for PBXNativeTarget "MovieAppUITests" */ = {
			isa = XCConfigurationList;
			buildConfigurations = (
				F86987BB1DD022B4007C08F5 /* Debug */,
				F86987BC1DD022B4007C08F5 /* Release */,
			);
			defaultConfigurationIsVisible = 0;
			defaultConfigurationName = Release;
		};
/* End XCConfigurationList section */
	};
	rootObject = F86987841DD022B3007C08F5 /* Project object */;
}
